# THIS IS AN AUTOGENERATED FILE. DO NOT EDIT THIS FILE DIRECTLY.
# yarn lockfile v1


hooked-head@^0.4.1:
  version "0.4.1"
  resolved "https://registry.yarnpkg.com/hooked-head/-/hooked-head-0.4.1.tgz#118411945e5a6b528a4eac05ede529d871d261b9"
  integrity sha512-iUWETXGIsyrgspklBquQi3Yu92PapkrlK90qeOb4wYvzDdNPp/ZgjO6BLgs0C/iUuy54PxUwylimxGpNMxhWXA==

preact@^10.5.5:
  version "10.5.5"
  resolved "https://registry.yarnpkg.com/preact/-/preact-10.5.5.tgz#c6c172ca751df27483350b8ab622abc12956e997"
  integrity sha512-5ONLNH1SXMzzbQoExZX4TELemNt+TEDb622xXFNfZngjjM9qtrzseJt+EfiUu4TZ6EJ95X5sE1ES4yqHFSIdhg==
